
Microsoft Visual Studio Solution File, Format Version 12.00
# Visual Studio 15
VisualStudioVersion = 15.0.28307.329
MinimumVisualStudioVersion = 10.0.40219.1
Project("{9A19103F-16F7-4668-BE54-9A1E7A4F7556}") = "azdoboardsmanager", "src\azdoboardsmanager.csproj", "{10649F7B-9679-4616-9580-55DA9A20E30B}"
EndProject
Project("{FAE04EC0-301F-11D3-BF4B-00C04F79EFBC}") = "AzDoBoardsManagerTests", "AzDoBoardsManagerTests\AzDoBoardsManagerTests.csproj", "{2A7B9328-08A0-4EC4-AAD0-BC8F34AEDF20}"
EndProject
Global
	GlobalSection(SolutionConfigurationPlatforms) = preSolution
		Debug|Any CPU = Debug|Any CPU
		Release|Any CPU = Release|Any CPU
	EndGlobalSection
	GlobalSection(ProjectConfigurationPlatforms) = postSolution
		{10649F7B-9679-4616-9580-55DA9A20E30B}.Debug|Any CPU.ActiveCfg = Debug|Any CPU
		{10649F7B-9679-4616-9580-55DA9A20E30B}.Debug|Any CPU.Build.0 = Debug|Any CPU
		{10649F7B-9679-4616-9580-55DA9A20E30B}.Release|Any CPU.ActiveCfg = Release|Any CPU
		{10649F7B-9679-4616-9580-55DA9A20E30B}.Release|Any CPU.Build.0 = Release|Any CPU
		{2A7B9328-08A0-4EC4-AAD0-BC8F34AEDF20}.Debug|Any CPU.ActiveCfg = Debug|Any CPU
		{2A7B9328-08A0-4EC4-AAD0-BC8F34AEDF20}.Debug|Any CPU.Build.0 = Debug|Any CPU
		{2A7B9328-08A0-4EC4-AAD0-BC8F34AEDF20}.Release|Any CPU.ActiveCfg = Release|Any CPU
		{2A7B9328-08A0-4EC4-AAD0-BC8F34AEDF20}.Release|Any CPU.Build.0 = Release|Any CPU
	EndGlobalSection
	GlobalSection(SolutionProperties) = preSolution
		HideSolutionNode = FALSE
	EndGlobalSection
	GlobalSection(ExtensibilityGlobals) = postSolution
		SolutionGuid = {9CF06BC7-2362-427F-A17A-3B15B8FF7B1A}
	EndGlobalSection
EndGlobal
